
Microsoft Visual Studio Solution File, Format Version 12.00
# Visual Studio Version 17
VisualStudioVersion = 17.14.37216.2 d17.14
MinimumVisualStudioVersion = 10.0.40219.1
Project("{FAE04EC0-301F-11D3-BF4B-00C04F79EFBC}") = "smartAspApplication", "smartAspApplication\smartAspApplication.csproj", "{A6CF7E7F-D6B4-4CBD-9413-AA37F0DA37BF}"
EndProject
Project("{2150E333-8FDC-42A3-9474-1A3956D46DE8}") = "gitfile", "gitfile", "{02EA681E-C7D8-13C7-8484-4AC65E1B71E8}"
EndProject
Global
	GlobalSection(SolutionConfigurationPlatforms) = preSolution
		Debug|Any CPU = Debug|Any CPU
		Release|Any CPU = Release|Any CPU
	EndGlobalSection
	GlobalSection(ProjectConfigurationPlatforms) = postSolution
		{A6CF7E7F-D6B4-4CBD-9413-AA37F0DA37BF}.Debug|Any CPU.ActiveCfg = Debug|Any CPU
		{A6CF7E7F-D6B4-4CBD-9413-AA37F0DA37BF}.Debug|Any CPU.Build.0 = Debug|Any CPU
		{A6CF7E7F-D6B4-4CBD-9413-AA37F0DA37BF}.Release|Any CPU.ActiveCfg = Release|Any CPU
		{A6CF7E7F-D6B4-4CBD-9413-AA37F0DA37BF}.Release|Any CPU.Build.0 = Release|Any CPU
	EndGlobalSection
	GlobalSection(SolutionProperties) = preSolution
		HideSolutionNode = FALSE
	EndGlobalSection
	GlobalSection(ExtensibilityGlobals) = postSolution
		SolutionGuid = {C67BC64F-F669-4673-851C-9FBBD3392FF8}
	EndGlobalSection
EndGlobal
